
Microsoft Visual Studio Solution File, Format Version 12.00
# Visual Studio Version 17
VisualStudioVersion = 17.3.32825.248
MinimumVisualStudioVersion = 10.0.40219.1
Project("{FAE04EC0-301F-11D3-BF4B-00C04F79EFBC}") = "MLS256.Console", "MLS256.Console\MLS256.Console.csproj", "{B1E571FE-25FF-41D5-8B4A-0326DE6F3303}"
EndProject
Project("{FAE04EC0-301F-11D3-BF4B-00C04F79EFBC}") = "MLS256", "MLS256\MLS256.csproj", "{FDEE0B18-FA7E-4A1F-888A-3E54D2B47E3C}"
EndProject
Global
	GlobalSection(SolutionConfigurationPlatforms) = preSolution
		Debug|Any CPU = Debug|Any CPU
		Release|Any CPU = Release|Any CPU
	EndGlobalSection
	GlobalSection(ProjectConfigurationPlatforms) = postSolution
		{B1E571FE-25FF-41D5-8B4A-0326DE6F3303}.Debug|Any CPU.ActiveCfg = Debug|Any CPU
		{B1E571FE-25FF-41D5-8B4A-0326DE6F3303}.Debug|Any CPU.Build.0 = Debug|Any CPU
		{B1E571FE-25FF-41D5-8B4A-0326DE6F3303}.Release|Any CPU.ActiveCfg = Release|Any CPU
		{B1E571FE-25FF-41D5-8B4A-0326DE6F3303}.Release|Any CPU.Build.0 = Release|Any CPU
		{FDEE0B18-FA7E-4A1F-888A-3E54D2B47E3C}.Debug|Any CPU.ActiveCfg = Debug|Any CPU
		{FDEE0B18-FA7E-4A1F-888A-3E54D2B47E3C}.Debug|Any CPU.Build.0 = Debug|Any CPU
		{FDEE0B18-FA7E-4A1F-888A-3E54D2B47E3C}.Release|Any CPU.ActiveCfg = Release|Any CPU
		{FDEE0B18-FA7E-4A1F-888A-3E54D2B47E3C}.Release|Any CPU.Build.0 = Release|Any CPU
	EndGlobalSection
	GlobalSection(SolutionProperties) = preSolution
		HideSolutionNode = FALSE
	EndGlobalSection
	GlobalSection(ExtensibilityGlobals) = postSolution
		SolutionGuid = {60120CA4-3BAB-4137-A99A-C9DE72FD3B09}
	EndGlobalSection
EndGlobal
